
Microsoft Visual Studio Solution File, Format Version 12.00
# Visual Studio Version 16
VisualStudioVersion = 16.0.30309.148
MinimumVisualStudioVersion = 10.0.40219.1
Project("{FAE04EC0-301F-11D3-BF4B-00C04F79EFBC}") = "WoWActivities", "WoWActivities\WoWActivities.csproj", "{2070BC0B-0DBA-451A-8E4D-B66BE5AE2CA7}"
EndProject
Global
	GlobalSection(SolutionConfigurationPlatforms) = preSolution
		Debug|Any CPU = Debug|Any CPU
		Release|Any CPU = Release|Any CPU
	EndGlobalSection
	GlobalSection(ProjectConfigurationPlatforms) = postSolution
		{2070BC0B-0DBA-451A-8E4D-B66BE5AE2CA7}.Debug|Any CPU.ActiveCfg = Debug|Any CPU
		{2070BC0B-0DBA-451A-8E4D-B66BE5AE2CA7}.Debug|Any CPU.Build.0 = Debug|Any CPU
		{2070BC0B-0DBA-451A-8E4D-B66BE5AE2CA7}.Release|Any CPU.ActiveCfg = Release|Any CPU
		{2070BC0B-0DBA-451A-8E4D-B66BE5AE2CA7}.Release|Any CPU.Build.0 = Release|Any CPU
	EndGlobalSection
	GlobalSection(SolutionProperties) = preSolution
		HideSolutionNode = FALSE
	EndGlobalSection
	GlobalSection(ExtensibilityGlobals) = postSolution
		SolutionGuid = {86D1B237-444A-45E1-A557-8E2F26E7D9B0}
	EndGlobalSection
EndGlobal
